
Microsoft Visual Studio Solution File, Format Version 12.00
# Visual Studio Version 17
VisualStudioVersion = 17.12.35707.178
MinimumVisualStudioVersion = 10.0.40219.1
Project("{FAE04EC0-301F-11D3-BF4B-00C04F79EFBC}") = "SoftwareCatalog.Api", "SoftwareCatalog.Api\SoftwareCatalog.Api.csproj", "{7B5D413C-97EB-434F-885E-0FB8EFA1B126}"
EndProject
Project("{FAE04EC0-301F-11D3-BF4B-00C04F79EFBC}") = "SoftwareCatalog.Tests", "SoftwareCatalog.Tests\SoftwareCatalog.Tests.csproj", "{B17DDAE7-B046-4082-A648-3BC008C9F6EA}"
EndProject
Global
	GlobalSection(SolutionConfigurationPlatforms) = preSolution
		Debug|Any CPU = Debug|Any CPU
		Release|Any CPU = Release|Any CPU
	EndGlobalSection
	GlobalSection(ProjectConfigurationPlatforms) = postSolution
		{7B5D413C-97EB-434F-885E-0FB8EFA1B126}.Debug|Any CPU.ActiveCfg = Debug|Any CPU
		{7B5D413C-97EB-434F-885E-0FB8EFA1B126}.Debug|Any CPU.Build.0 = Debug|Any CPU
		{7B5D413C-97EB-434F-885E-0FB8EFA1B126}.Release|Any CPU.ActiveCfg = Release|Any CPU
		{7B5D413C-97EB-434F-885E-0FB8EFA1B126}.Release|Any CPU.Build.0 = Release|Any CPU
		{B17DDAE7-B046-4082-A648-3BC008C9F6EA}.Debug|Any CPU.ActiveCfg = Debug|Any CPU
		{B17DDAE7-B046-4082-A648-3BC008C9F6EA}.Debug|Any CPU.Build.0 = Debug|Any CPU
		{B17DDAE7-B046-4082-A648-3BC008C9F6EA}.Release|Any CPU.ActiveCfg = Release|Any CPU
		{B17DDAE7-B046-4082-A648-3BC008C9F6EA}.Release|Any CPU.Build.0 = Release|Any CPU
	EndGlobalSection
	GlobalSection(SolutionProperties) = preSolution
		HideSolutionNode = FALSE
	EndGlobalSection
EndGlobal
